
Microsoft Visual Studio Solution File, Format Version 12.00
# Visual Studio Version 17
VisualStudioVersion = 17.3.32819.101
MinimumVisualStudioVersion = 10.0.40219.1
Project("{FAE04EC0-301F-11D3-BF4B-00C04F79EFBC}") = "SearchStudentData", "SearchStudentData\SearchStudentData.csproj", "{549A8D3D-B2D5-441B-9662-986AC4186B8A}"
EndProject
Global
	GlobalSection(SolutionConfigurationPlatforms) = preSolution
		Debug|Any CPU = Debug|Any CPU
		Release|Any CPU = Release|Any CPU
	EndGlobalSection
	GlobalSection(ProjectConfigurationPlatforms) = postSolution
		{549A8D3D-B2D5-441B-9662-986AC4186B8A}.Debug|Any CPU.ActiveCfg = Debug|Any CPU
		{549A8D3D-B2D5-441B-9662-986AC4186B8A}.Debug|Any CPU.Build.0 = Debug|Any CPU
		{549A8D3D-B2D5-441B-9662-986AC4186B8A}.Release|Any CPU.ActiveCfg = Release|Any CPU
		{549A8D3D-B2D5-441B-9662-986AC4186B8A}.Release|Any CPU.Build.0 = Release|Any CPU
	EndGlobalSection
	GlobalSection(SolutionProperties) = preSolution
		HideSolutionNode = FALSE
	EndGlobalSection
	GlobalSection(ExtensibilityGlobals) = postSolution
		SolutionGuid = {2003D1C2-75EE-422D-9F28-7277DE171746}
	EndGlobalSection
EndGlobal
